Microsoft Visual Studio Solution File, Format Version 11.00
# Visual Studio 2008

Project("{5B5484BD-11E9-F37C-9367-205CF6D6D218}") = "Unity-Testing", "Assembly-CSharp-firstpass.csproj", "{2C5498EB-5307-0B66-F575-F474C20E6726}"
EndProject
Project("{5B5484BD-11E9-F37C-9367-205CF6D6D218}") = "Unity-Testing", "Assembly-CSharp.csproj", "{52931C5D-E4AC-7B27-276B-D6F1F1BE399F}"
EndProject
Project("{5B5484BD-11E9-F37C-9367-205CF6D6D218}") = "Unity-Testing", "Assembly-CSharp-Editor.csproj", "{93180D68-5BFB-EA28-E13A-D504349B96FE}"
EndProject
Project("{5B5484BD-11E9-F37C-9367-205CF6D6D218}") = "Unity-Testing", "Assembly-UnityScript-firstpass.unityproj", "{CFB1F738-406A-BA79-7D33-66FD201A2AB4}"
EndProject
Project("{5B5484BD-11E9-F37C-9367-205CF6D6D218}") = "Unity-Testing", "Assembly-UnityScript.unityproj", "{22B2A7F3-01EB-51FA-39C2-19FAD60B8978}"
EndProject
Global
	GlobalSection(SolutionConfigurationPlatforms) = preSolution
		Debug|Any CPU = Debug|Any CPU
		Release|Any CPU = Release|Any CPU
	EndGlobalSection
	GlobalSection(ProjectConfigurationPlatforms) = postSolution
		{2C5498EB-5307-0B66-F575-F474C20E6726}.Debug|Any CPU.ActiveCfg = Debug|Any CPU
		{2C5498EB-5307-0B66-F575-F474C20E6726}.Debug|Any CPU.Build.0 = Debug|Any CPU
		{2C5498EB-5307-0B66-F575-F474C20E6726}.Release|Any CPU.ActiveCfg = Release|Any CPU
		{2C5498EB-5307-0B66-F575-F474C20E6726}.Release|Any CPU.Build.0 = Release|Any CPU
		{52931C5D-E4AC-7B27-276B-D6F1F1BE399F}.Debug|Any CPU.ActiveCfg = Debug|Any CPU
		{52931C5D-E4AC-7B27-276B-D6F1F1BE399F}.Debug|Any CPU.Build.0 = Debug|Any CPU
		{52931C5D-E4AC-7B27-276B-D6F1F1BE399F}.Release|Any CPU.ActiveCfg = Release|Any CPU
		{52931C5D-E4AC-7B27-276B-D6F1F1BE399F}.Release|Any CPU.Build.0 = Release|Any CPU
		{93180D68-5BFB-EA28-E13A-D504349B96FE}.Debug|Any CPU.ActiveCfg = Debug|Any CPU
		{93180D68-5BFB-EA28-E13A-D504349B96FE}.Debug|Any CPU.Build.0 = Debug|Any CPU
		{93180D68-5BFB-EA28-E13A-D504349B96FE}.Release|Any CPU.ActiveCfg = Release|Any CPU
		{93180D68-5BFB-EA28-E13A-D504349B96FE}.Release|Any CPU.Build.0 = Release|Any CPU
		{CFB1F738-406A-BA79-7D33-66FD201A2AB4}.Debug|Any CPU.ActiveCfg = Debug|Any CPU
		{CFB1F738-406A-BA79-7D33-66FD201A2AB4}.Debug|Any CPU.Build.0 = Debug|Any CPU
		{CFB1F738-406A-BA79-7D33-66FD201A2AB4}.Release|Any CPU.ActiveCfg = Release|Any CPU
		{CFB1F738-406A-BA79-7D33-66FD201A2AB4}.Release|Any CPU.Build.0 = Release|Any CPU
		{22B2A7F3-01EB-51FA-39C2-19FAD60B8978}.Debug|Any CPU.ActiveCfg = Debug|Any CPU
		{22B2A7F3-01EB-51FA-39C2-19FAD60B8978}.Debug|Any CPU.Build.0 = Debug|Any CPU
		{22B2A7F3-01EB-51FA-39C2-19FAD60B8978}.Release|Any CPU.ActiveCfg = Release|Any CPU
		{22B2A7F3-01EB-51FA-39C2-19FAD60B8978}.Release|Any CPU.Build.0 = Release|Any CPU
	EndGlobalSection
	GlobalSection(SolutionProperties) = preSolution
		HideSolutionNode = FALSE
	EndGlobalSection
						GlobalSection(MonoDevelopProperties) = preSolution
		StartupItem = Assembly-CSharp.csproj
		Policies = $0
		$0.TextStylePolicy = $1
		$1.inheritsSet = null
		$1.scope = text/x-csharp
		$0.CSharpFormattingPolicy = $2
		$2.inheritsSet = Mono
		$2.inheritsScope = text/x-csharp
		$2.scope = text/x-csharp
		$0.TextStylePolicy = $3
		$3.FileWidth = 120
		$3.TabWidth = 4
		$3.EolMarker = Unix
		$3.inheritsSet = Mono
		$3.inheritsScope = text/plain
		$3.scope = text/plain
	EndGlobalSection

EndGlobal
